
Microsoft Visual Studio Solution File, Format Version 12.00
# Visual Studio Version 16
VisualStudioVersion = 16.0.31624.102
MinimumVisualStudioVersion = 10.0.40219.1
Project("{FAE04EC0-301F-11D3-BF4B-00C04F79EFBC}") = "producer", "producer.csproj", "{DBC004AD-1F8B-40DB-A647-9F1610D44DE5}"
EndProject
Global
	GlobalSection(SolutionConfigurationPlatforms) = preSolution
		Debug|Any CPU = Debug|Any CPU
		Release|Any CPU = Release|Any CPU
	EndGlobalSection
	GlobalSection(ProjectConfigurationPlatforms) = postSolution
		{DBC004AD-1F8B-40DB-A647-9F1610D44DE5}.Debug|Any CPU.ActiveCfg = Debug|Any CPU
		{DBC004AD-1F8B-40DB-A647-9F1610D44DE5}.Debug|Any CPU.Build.0 = Debug|Any CPU
		{DBC004AD-1F8B-40DB-A647-9F1610D44DE5}.Release|Any CPU.ActiveCfg = Release|Any CPU
		{DBC004AD-1F8B-40DB-A647-9F1610D44DE5}.Release|Any CPU.Build.0 = Release|Any CPU
	EndGlobalSection
	GlobalSection(SolutionProperties) = preSolution
		HideSolutionNode = FALSE
	EndGlobalSection
	GlobalSection(ExtensibilityGlobals) = postSolution
		SolutionGuid = {F401B9D5-791A-48A9-B111-A36006DE2801}
	EndGlobalSection
EndGlobal
